// !$*UTF8*$!
{
	archiveVersion = 1;
	classes = {
	};
	objectVersion = 56;
	objects = {

/* Begin PBXBuildFile section */
		217647CE2BBE670600E6A4D3 /* Pretendard-Light.otf in Resources */ = {isa = PBXBuildFile; fileRef = 217647C52BBE670500E6A4D3 /* Pretendard-Light.otf */; };
		217647CF2BBE670600E6A4D3 /* Pretendard-Bold.otf in Resources */ = {isa = PBXBuildFile; fileRef = 217647C62BBE670500E6A4D3 /* Pretendard-Bold.otf */; };
		217647D02BBE670600E6A4D3 /* Pretendard-Black.otf in Resources */ = {isa = PBXBuildFile; fileRef = 217647C72BBE670500E6A4D3 /* Pretendard-Black.otf */; };
		217647D12BBE670600E6A4D3 /* Pretendard-ExtraBold.otf in Resources */ = {isa = PBXBuildFile; fileRef = 217647C82BBE670500E6A4D3 /* Pretendard-ExtraBold.otf */; };
		217647D22BBE670600E6A4D3 /* Pretendard-Thin.otf in Resources */ = {isa = PBXBuildFile; fileRef = 217647C92BBE670500E6A4D3 /* Pretendard-Thin.otf */; };
		217647D32BBE670600E6A4D3 /* Pretendard-ExtraLight.otf in Resources */ = {isa = PBXBuildFile; fileRef = 217647CA2BBE670500E6A4D3 /* Pretendard-ExtraLight.otf */; };
		217647D42BBE670600E6A4D3 /* Pretendard-SemiBold.otf in Resources */ = {isa = PBXBuildFile; fileRef = 217647CB2BBE670500E6A4D3 /* Pretendard-SemiBold.otf */; };
		217647D52BBE670600E6A4D3 /* Pretendard-Medium.otf in Resources */ = {isa = PBXBuildFile; fileRef = 217647CC2BBE670600E6A4D3 /* Pretendard-Medium.otf */; };
		217647D62BBE670600E6A4D3 /* Pretendard-Regular.otf in Resources */ = {isa = PBXBuildFile; fileRef = 217647CD2BBE670600E6A4D3 /* Pretendard-Regular.otf */; };
		2199C1512BD3895100913F9B /* LoginView3.swift in Sources */ = {isa = PBXBuildFile; fileRef = 2199C1502BD3895100913F9B /* LoginView3.swift */; };
		2199C1542BD38AC500913F9B /* LoginViewController3.swift in Sources */ = {isa = PBXBuildFile; fileRef = 2199C1532BD38AC500913F9B /* LoginViewController3.swift */; };
		2199C1562BD38D2300913F9B /* ChatViewController.swift in Sources */ = {isa = PBXBuildFile; fileRef = 2199C1552BD38D2300913F9B /* ChatViewController.swift */; };
		2199C1592BD38D4E00913F9B /* ChatTableViewCell.swift in Sources */ = {isa = PBXBuildFile; fileRef = 2199C1582BD38D4E00913F9B /* ChatTableViewCell.swift */; };
		2199C15B2BD399C200913F9B /* ChatModel.swift in Sources */ = {isa = PBXBuildFile; fileRef = 2199C15A2BD399C100913F9B /* ChatModel.swift */; };
		2199C15D2BD3A6F100913F9B /* ItemCollectionViewCell.swift in Sources */ = {isa = PBXBuildFile; fileRef = 2199C15C2BD3A6F100913F9B /* ItemCollectionViewCell.swift */; };
		2199C15F2BD3AA8A00913F9B /* ItemViewController.swift in Sources */ = {isa = PBXBuildFile; fileRef = 2199C15E2BD3AA8A00913F9B /* ItemViewController.swift */; };
		2199C1612BD3AD1200913F9B /* ItemModel.swift in Sources */ = {isa = PBXBuildFile; fileRef = 2199C1602BD3AD1200913F9B /* ItemModel.swift */; };
		21F04F642BBBF26B002A7957 /* AppDelegate.swift in Sources */ = {isa = PBXBuildFile; fileRef = 21F04F632BBBF26B002A7957 /* AppDelegate.swift */; };
		21F04F662BBBF26B002A7957 /* SceneDelegate.swift in Sources */ = {isa = PBXBuildFile; fileRef = 21F04F652BBBF26B002A7957 /* SceneDelegate.swift */; };
		21F04F6B2BBBF26B002A7957 /* Main.storyboard in Resources */ = {isa = PBXBuildFile; fileRef = 21F04F692BBBF26B002A7957 /* Main.storyboard */; };
		21F04F6D2BBBF26D002A7957 /* Assets.xcassets in Resources */ = {isa = PBXBuildFile; fileRef = 21F04F6C2BBBF26D002A7957 /* Assets.xcassets */; };
		21F04F702BBBF26D002A7957 /* LaunchScreen.storyboard in Resources */ = {isa = PBXBuildFile; fileRef = 21F04F6E2BBBF26D002A7957 /* LaunchScreen.storyboard */; };
		21FC1F862BCA653600B831D8 /* WelcomeViewController2.swift in Sources */ = {isa = PBXBuildFile; fileRef = 21FC1F832BCA653600B831D8 /* WelcomeViewController2.swift */; };
		21FC1F872BCA653600B831D8 /* LoginViewController2.swift in Sources */ = {isa = PBXBuildFile; fileRef = 21FC1F842BCA653600B831D8 /* LoginViewController2.swift */; };
		21FC1F882BCA653600B831D8 /* ScrollViewPractice.swift in Sources */ = {isa = PBXBuildFile; fileRef = 21FC1F852BCA653600B831D8 /* ScrollViewPractice.swift */; };
		21FC1F8B2BCA657A00B831D8 /* SnapKit in Frameworks */ = {isa = PBXBuildFile; productRef = 21FC1F8A2BCA657A00B831D8 /* SnapKit */; };
		21FC1F8E2BCA658100B831D8 /* Then in Frameworks */ = {isa = PBXBuildFile; productRef = 21FC1F8D2BCA658100B831D8 /* Then */; };
		21FC1F922BCA65D900B831D8 /* WelcomeViewController.swift in Sources */ = {isa = PBXBuildFile; fileRef = 21FC1F902BCA65D900B831D8 /* WelcomeViewController.swift */; };
		21FC1F932BCA65D900B831D8 /* LoginViewController.swift in Sources */ = {isa = PBXBuildFile; fileRef = 21FC1F912BCA65D900B831D8 /* LoginViewController.swift */; };
/* End PBXBuildFile section */

/* Begin PBXFileReference section */
		217647C52BBE670500E6A4D3 /* Pretendard-Light.otf */ = {isa = PBXFileReference; lastKnownFileType = file; path = "Pretendard-Light.otf"; sourceTree = "<group>"; };
		217647C62BBE670500E6A4D3 /* Pretendard-Bold.otf */ = {isa = PBXFileReference; lastKnownFileType = file; path = "Pretendard-Bold.otf"; sourceTree = "<group>"; };
		217647C72BBE670500E6A4D3 /* Pretendard-Black.otf */ = {isa = PBXFileReference; lastKnownFileType = file; path = "Pretendard-Black.otf"; sourceTree = "<group>"; };
		217647C82BBE670500E6A4D3 /* Pretendard-ExtraBold.otf */ = {isa = PBXFileReference; lastKnownFileType = file; path = "Pretendard-ExtraBold.otf"; sourceTree = "<group>"; };
		217647C92BBE670500E6A4D3 /* Pretendard-Thin.otf */ = {isa = PBXFileReference; lastKnownFileType = file; path = "Pretendard-Thin.otf"; sourceTree = "<group>"; };
		217647CA2BBE670500E6A4D3 /* Pretendard-ExtraLight.otf */ = {isa = PBXFileReference; lastKnownFileType = file; path = "Pretendard-ExtraLight.otf"; sourceTree = "<group>"; };
		217647CB2BBE670500E6A4D3 /* Pretendard-SemiBold.otf */ = {isa = PBXFileReference; lastKnownFileType = file; path = "Pretendard-SemiBold.otf"; sourceTree = "<group>"; };
		217647CC2BBE670600E6A4D3 /* Pretendard-Medium.otf */ = {isa = PBXFileReference; lastKnownFileType = file; path = "Pretendard-Medium.otf"; sourceTree = "<group>"; };
		217647CD2BBE670600E6A4D3 /* Pretendard-Regular.otf */ = {isa = PBXFileReference; lastKnownFileType = file; path = "Pretendard-Regular.otf"; sourceTree = "<group>"; };
		2199C1502BD3895100913F9B /* LoginView3.swift */ = {isa = PBXFileReference; lastKnownFileType = sourcecode.swift; path = LoginView3.swift; sourceTree = "<group>"; };
		2199C1532BD38AC500913F9B /* LoginViewController3.swift */ = {isa = PBXFileReference; lastKnownFileType = sourcecode.swift; path = LoginViewController3.swift; sourceTree = "<group>"; };
		2199C1552BD38D2300913F9B /* ChatViewController.swift */ = {isa = PBXFileReference; lastKnownFileType = sourcecode.swift; path = ChatViewController.swift; sourceTree = "<group>"; };
		2199C1582BD38D4E00913F9B /* ChatTableViewCell.swift */ = {isa = PBXFileReference; lastKnownFileType = sourcecode.swift; path = ChatTableViewCell.swift; sourceTree = "<group>"; };
		2199C15A2BD399C100913F9B /* ChatModel.swift */ = {isa = PBXFileReference; lastKnownFileType = sourcecode.swift; path = ChatModel.swift; sourceTree = "<group>"; };
		2199C15C2BD3A6F100913F9B /* ItemCollectionViewCell.swift */ = {isa = PBXFileReference; lastKnownFileType = sourcecode.swift; path = ItemCollectionViewCell.swift; sourceTree = "<group>"; };
		2199C15E2BD3AA8A00913F9B /* ItemViewController.swift */ = {isa = PBXFileReference; lastKnownFileType = sourcecode.swift; path = ItemViewController.swift; sourceTree = "<group>"; };
		2199C1602BD3AD1200913F9B /* ItemModel.swift */ = {isa = PBXFileReference; lastKnownFileType = sourcecode.swift; path = ItemModel.swift; sourceTree = "<group>"; };
		21F04F602BBBF26B002A7957 /* 34th-Sopt-Seminar.app */ = {isa = PBXFileReference; explicitFileType = wrapper.application; includeInIndex = 0; path = "34th-Sopt-Seminar.app"; sourceTree = BUILT_PRODUCTS_DIR; };
		21F04F632BBBF26B002A7957 /* AppDelegate.swift */ = {isa = PBXFileReference; lastKnownFileType = sourcecode.swift; path = AppDelegate.swift; sourceTree = "<group>"; };
		21F04F652BBBF26B002A7957 /* SceneDelegate.swift */ = {isa = PBXFileReference; lastKnownFileType = sourcecode.swift; path = SceneDelegate.swift; sourceTree = "<group>"; };
		21F04F6A2BBBF26B002A7957 /* Base */ = {isa = PBXFileReference; lastKnownFileType = file.storyboard; name = Base; path = Base.lproj/Main.storyboard; sourceTree = "<group>"; };
		21F04F6C2BBBF26D002A7957 /* Assets.xcassets */ = {isa = PBXFileReference; lastKnownFileType = folder.assetcatalog; path = Assets.xcassets; sourceTree = "<group>"; };
		21F04F6F2BBBF26D002A7957 /* Base */ = {isa = PBXFileReference; lastKnownFileType = file.storyboard; name = Base; path = Base.lproj/LaunchScreen.storyboard; sourceTree = "<group>"; };
		21F04F712BBBF26D002A7957 /* Info.plist */ = {isa = PBXFileReference; lastKnownFileType = text.plist.xml; path = Info.plist; sourceTree = "<group>"; };
		21FC1F832BCA653600B831D8 /* WelcomeViewController2.swift */ = {isa = PBXFileReference; fileEncoding = 4; lastKnownFileType = sourcecode.swift; path = WelcomeViewController2.swift; sourceTree = "<group>"; };
		21FC1F842BCA653600B831D8 /* LoginViewController2.swift */ = {isa = PBXFileReference; fileEncoding = 4; lastKnownFileType = sourcecode.swift; path = LoginViewController2.swift; sourceTree = "<group>"; };
		21FC1F852BCA653600B831D8 /* ScrollViewPractice.swift */ = {isa = PBXFileReference; fileEncoding = 4; lastKnownFileType = sourcecode.swift; path = ScrollViewPractice.swift; sourceTree = "<group>"; };
		21FC1F902BCA65D900B831D8 /* WelcomeViewController.swift */ = {isa = PBXFileReference; fileEncoding = 4; lastKnownFileType = sourcecode.swift; path = WelcomeViewController.swift; sourceTree = "<group>"; };
		21FC1F912BCA65D900B831D8 /* LoginViewController.swift */ = {isa = PBXFileReference; fileEncoding = 4; lastKnownFileType = sourcecode.swift; path = LoginViewController.swift; sourceTree = "<group>"; };
/* End PBXFileReference section */

/* Begin PBXFrameworksBuildPhase section */
		21F04F5D2BBBF26B002A7957 /* Frameworks */ = {
			isa = PBXFrameworksBuildPhase;
			buildActionMask = 2147483647;
			files = (
				21FC1F8B2BCA657A00B831D8 /* SnapKit in Frameworks */,
				21FC1F8E2BCA658100B831D8 /* Then in Frameworks */,
			);
			runOnlyForDeploymentPostprocessing = 0;
		};
/* End PBXFrameworksBuildPhase section */

/* Begin PBXGroup section */
		217647D72BBE671100E6A4D3 /* Fonts */ = {
			isa = PBXGroup;
			children = (
				217647C72BBE670500E6A4D3 /* Pretendard-Black.otf */,
				217647C62BBE670500E6A4D3 /* Pretendard-Bold.otf */,
				217647C82BBE670500E6A4D3 /* Pretendard-ExtraBold.otf */,
				217647CA2BBE670500E6A4D3 /* Pretendard-ExtraLight.otf */,
				217647C52BBE670500E6A4D3 /* Pretendard-Light.otf */,
				217647CC2BBE670600E6A4D3 /* Pretendard-Medium.otf */,
				217647CD2BBE670600E6A4D3 /* Pretendard-Regular.otf */,
				217647CB2BBE670500E6A4D3 /* Pretendard-SemiBold.otf */,
				217647C92BBE670500E6A4D3 /* Pretendard-Thin.otf */,
			);
			path = Fonts;
			sourceTree = "<group>";
		};
		2199C1522BD3895800913F9B /* 3rd */ = {
			isa = PBXGroup;
			children = (
				2199C1502BD3895100913F9B /* LoginView3.swift */,
				2199C1532BD38AC500913F9B /* LoginViewController3.swift */,
				2199C1572BD38D2A00913F9B /* ChatView */,
			);
			path = 3rd;
			sourceTree = "<group>";
		};
		2199C1572BD38D2A00913F9B /* ChatView */ = {
			isa = PBXGroup;
			children = (
				2199C1552BD38D2300913F9B /* ChatViewController.swift */,
				2199C1582BD38D4E00913F9B /* ChatTableViewCell.swift */,
				2199C15A2BD399C100913F9B /* ChatModel.swift */,
				2199C15E2BD3AA8A00913F9B /* ItemViewController.swift */,
				2199C15C2BD3A6F100913F9B /* ItemCollectionViewCell.swift */,
				2199C1602BD3AD1200913F9B /* ItemModel.swift */,
			);
			path = ChatView;
			sourceTree = "<group>";
		};
		21F04F572BBBF26B002A7957 = {
			isa = PBXGroup;
			children = (
				21F04F622BBBF26B002A7957 /* 34th-Sopt-Seminar */,
				21F04F612BBBF26B002A7957 /* Products */,
			);
			sourceTree = "<group>";
		};
		21F04F612BBBF26B002A7957 /* Products */ = {
			isa = PBXGroup;
			children = (
				21F04F602BBBF26B002A7957 /* 34th-Sopt-Seminar.app */,
			);
			name = Products;
			sourceTree = "<group>";
		};
		21F04F622BBBF26B002A7957 /* 34th-Sopt-Seminar */ = {
			isa = PBXGroup;
			children = (
				21F04F632BBBF26B002A7957 /* AppDelegate.swift */,
				21F04F652BBBF26B002A7957 /* SceneDelegate.swift */,
				21FC1F8F2BCA65D900B831D8 /* 1st */,
				21FC1F822BCA653600B831D8 /* 2nd */,
				2199C1522BD3895800913F9B /* 3rd */,
				217647D72BBE671100E6A4D3 /* Fonts */,
				21F04F692BBBF26B002A7957 /* Main.storyboard */,
				21F04F6C2BBBF26D002A7957 /* Assets.xcassets */,
				21F04F6E2BBBF26D002A7957 /* LaunchScreen.storyboard */,
				21F04F712BBBF26D002A7957 /* Info.plist */,
			);
			path = "34th-Sopt-Seminar";
			sourceTree = "<group>";
		};
		21FC1F822BCA653600B831D8 /* 2nd */ = {
			isa = PBXGroup;
			children = (
				21FC1F832BCA653600B831D8 /* WelcomeViewController2.swift */,
				21FC1F842BCA653600B831D8 /* LoginViewController2.swift */,
				21FC1F852BCA653600B831D8 /* ScrollViewPractice.swift */,
			);
			path = 2nd;
			sourceTree = "<group>";
		};
		21FC1F8F2BCA65D900B831D8 /* 1st */ = {
			isa = PBXGroup;
			children = (
				21FC1F902BCA65D900B831D8 /* WelcomeViewController.swift */,
				21FC1F912BCA65D900B831D8 /* LoginViewController.swift */,
			);
			path = 1st;
			sourceTree = "<group>";
		};
/* End PBXGroup section */

/* Begin PBXNativeTarget section */
		21F04F5F2BBBF26B002A7957 /* 34th-Sopt-Seminar */ = {
			isa = PBXNativeTarget;
			buildConfigurationList = 21F04F742BBBF26D002A7957 /* Build configuration list for PBXNativeTarget "34th-Sopt-Seminar" */;
			buildPhases = (
				21F04F5C2BBBF26B002A7957 /* Sources */,
				21F04F5D2BBBF26B002A7957 /* Frameworks */,
				21F04F5E2BBBF26B002A7957 /* Resources */,
			);
			buildRules = (
			);
			dependencies = (
			);
			name = "34th-Sopt-Seminar";
			packageProductDependencies = (
				21FC1F8A2BCA657A00B831D8 /* SnapKit */,
				21FC1F8D2BCA658100B831D8 /* Then */,
			);
			productName = "34th-Sopt-Seminar";
			productReference = 21F04F602BBBF26B002A7957 /* 34th-Sopt-Seminar.app */;
			productType = "com.apple.product-type.application";
		};
/* End PBXNativeTarget section */

/* Begin PBXProject section */
		21F04F582BBBF26B002A7957 /* Project object */ = {
			isa = PBXProject;
			attributes = {
				BuildIndependentTargetsInParallel = 1;
				LastSwiftUpdateCheck = 1430;
				LastUpgradeCheck = 1430;
				TargetAttributes = {
					21F04F5F2BBBF26B002A7957 = {
						CreatedOnToolsVersion = 14.3.1;
					};
				};
			};
			buildConfigurationList = 21F04F5B2BBBF26B002A7957 /* Build configuration list for PBXProject "34th-Sopt-Seminar" */;
			compatibilityVersion = "Xcode 14.0";
			developmentRegion = en;
			hasScannedForEncodings = 0;
			knownRegions = (
				en,
				Base,
			);
			mainGroup = 21F04F572BBBF26B002A7957;
			packageReferences = (
				21FC1F892BCA657A00B831D8 /* XCRemoteSwiftPackageReference "SnapKit" */,
				21FC1F8C2BCA658100B831D8 /* XCRemoteSwiftPackageReference "Then" */,
			);
			productRefGroup = 21F04F612BBBF26B002A7957 /* Products */;
			projectDirPath = "";
			projectRoot = "";
			targets = (
				21F04F5F2BBBF26B002A7957 /* 34th-Sopt-Seminar */,
			);
		};
/* End PBXProject section */

/* Begin PBXResourcesBuildPhase section */
		21F04F5E2BBBF26B002A7957 /* Resources */ = {
			isa = PBXResourcesBuildPhase;
			buildActionMask = 2147483647;
			files = (
				217647D32BBE670600E6A4D3 /* Pretendard-ExtraLight.otf in Resources */,
				217647D62BBE670600E6A4D3 /* Pretendard-Regular.otf in Resources */,
				21F04F702BBBF26D002A7957 /* LaunchScreen.storyboard in Resources */,
				217647CF2BBE670600E6A4D3 /* Pretendard-Bold.otf in Resources */,
				217647D12BBE670600E6A4D3 /* Pretendard-ExtraBold.otf in Resources */,
				217647D22BBE670600E6A4D3 /* Pretendard-Thin.otf in Resources */,
				217647CE2BBE670600E6A4D3 /* Pretendard-Light.otf in Resources */,
				21F04F6D2BBBF26D002A7957 /* Assets.xcassets in Resources */,
				217647D42BBE670600E6A4D3 /* Pretendard-SemiBold.otf in Resources */,
				217647D02BBE670600E6A4D3 /* Pretendard-Black.otf in Resources */,
				21F04F6B2BBBF26B002A7957 /* Main.storyboard in Resources */,
				217647D52BBE670600E6A4D3 /* Pretendard-Medium.otf in Resources */,
			);
			runOnlyForDeploymentPostprocessing = 0;
		};
/* End PBXResourcesBuildPhase section */

/* Begin PBXSourcesBuildPhase section */
		21F04F5C2BBBF26B002A7957 /* Sources */ = {
			isa = PBXSourcesBuildPhase;
			buildActionMask = 2147483647;
			files = (
				2199C1612BD3AD1200913F9B /* ItemModel.swift in Sources */,
				21FC1F932BCA65D900B831D8 /* LoginViewController.swift in Sources */,
				21FC1F882BCA653600B831D8 /* ScrollViewPractice.swift in Sources */,
				2199C15D2BD3A6F100913F9B /* ItemCollectionViewCell.swift in Sources */,
				2199C1512BD3895100913F9B /* LoginView3.swift in Sources */,
				21FC1F922BCA65D900B831D8 /* WelcomeViewController.swift in Sources */,
				21FC1F862BCA653600B831D8 /* WelcomeViewController2.swift in Sources */,
				2199C1592BD38D4E00913F9B /* ChatTableViewCell.swift in Sources */,
				2199C15F2BD3AA8A00913F9B /* ItemViewController.swift in Sources */,
				2199C1542BD38AC500913F9B /* LoginViewController3.swift in Sources */,
				21FC1F872BCA653600B831D8 /* LoginViewController2.swift in Sources */,
				21F04F642BBBF26B002A7957 /* AppDelegate.swift in Sources */,
				2199C1562BD38D2300913F9B /* ChatViewController.swift in Sources */,
				21F04F662BBBF26B002A7957 /* SceneDelegate.swift in Sources */,
				2199C15B2BD399C200913F9B /* ChatModel.swift in Sources */,
			);
			runOnlyForDeploymentPostprocessing = 0;
		};
/* End PBXSourcesBuildPhase section */

/* Begin PBXVariantGroup section */
		21F04F692BBBF26B002A7957 /* Main.storyboard */ = {
			isa = PBXVariantGroup;
			children = (
				21F04F6A2BBBF26B002A7957 /* Base */,
			);
			name = Main.storyboard;
			sourceTree = "<group>";
		};
		21F04F6E2BBBF26D002A7957 /* LaunchScreen.storyboard */ = {
			isa = PBXVariantGroup;
			children = (
				21F04F6F2BBBF26D002A7957 /* Base */,
			);
			name = LaunchScreen.storyboard;
			sourceTree = "<group>";
		};
/* End PBXVariantGroup section */

/* Begin XCBuildConfiguration section */
		21F04F722BBBF26D002A7957 /* Debug */ = {
			isa = XCBuildConfiguration;
			buildSettings = {
				ALWAYS_SEARCH_USER_PATHS = NO;
				CLANG_ANALYZER_NONNULL = YES;
				CLANG_ANALYZER_NUMBER_OBJECT_CONVERSION = YES_AGGRESSIVE;
				CLANG_CXX_LANGUAGE_STANDARD = "gnu++20";
				CLANG_ENABLE_MODULES = YES;
				CLANG_ENABLE_OBJC_ARC = YES;
				CLANG_ENABLE_OBJC_WEAK = YES;
				CLANG_WARN_BLOCK_CAPTURE_AUTORELEASING = YES;
				CLANG_WARN_BOOL_CONVERSION = YES;
				CLANG_WARN_COMMA = YES;
				CLANG_WARN_CONSTANT_CONVERSION = YES;
				CLANG_WARN_DEPRECATED_OBJC_IMPLEMENTATIONS = YES;
				CLANG_WARN_DIRECT_OBJC_ISA_USAGE = YES_ERROR;
				CLANG_WARN_DOCUMENTATION_COMMENTS = YES;
				CLANG_WARN_EMPTY_BODY = YES;
				CLANG_WARN_ENUM_CONVERSION = YES;
				CLANG_WARN_INFINITE_RECURSION = YES;
				CLANG_WARN_INT_CONVERSION = YES;
				CLANG_WARN_NON_LITERAL_NULL_CONVERSION = YES;
				CLANG_WARN_OBJC_IMPLICIT_RETAIN_SELF = YES;
				CLANG_WARN_OBJC_LITERAL_CONVERSION = YES;
				CLANG_WARN_OBJC_ROOT_CLASS = YES_ERROR;
				CLANG_WARN_QUOTED_INCLUDE_IN_FRAMEWORK_HEADER = YES;
				CLANG_WARN_RANGE_LOOP_ANALYSIS = YES;
				CLANG_WARN_STRICT_PROTOTYPES = YES;
				CLANG_WARN_SUSPICIOUS_MOVE = YES;
				CLANG_WARN_UNGUARDED_AVAILABILITY = YES_AGGRESSIVE;
				CLANG_WARN_UNREACHABLE_CODE = YES;
				CLANG_WARN__DUPLICATE_METHOD_MATCH = YES;
				COPY_PHASE_STRIP = NO;
				DEBUG_INFORMATION_FORMAT = dwarf;
				ENABLE_STRICT_OBJC_MSGSEND = YES;
				ENABLE_TESTABILITY = YES;
				GCC_C_LANGUAGE_STANDARD = gnu11;
				GCC_DYNAMIC_NO_PIC = NO;
				GCC_NO_COMMON_BLOCKS = YES;
				GCC_OPTIMIZATION_LEVEL = 0;
				GCC_PREPROCESSOR_DEFINITIONS = (
					"DEBUG=1",
					"$(inherited)",
				);
				GCC_WARN_64_TO_32_BIT_CONVERSION = YES;
				GCC_WARN_ABOUT_RETURN_TYPE = YES_ERROR;
				GCC_WARN_UNDECLARED_SELECTOR = YES;
				GCC_WARN_UNINITIALIZED_AUTOS = YES_AGGRESSIVE;
				GCC_WARN_UNUSED_FUNCTION = YES;
				GCC_WARN_UNUSED_VARIABLE = YES;
				IPHONEOS_DEPLOYMENT_TARGET = 16.4;
				MTL_ENABLE_DEBUG_INFO = INCLUDE_SOURCE;
				MTL_FAST_MATH = YES;
				ONLY_ACTIVE_ARCH = YES;
				SDKROOT = iphoneos;
				SWIFT_ACTIVE_COMPILATION_CONDITIONS = DEBUG;
				SWIFT_OPTIMIZATION_LEVEL = "-Onone";
			};
			name = Debug;
		};
		21F04F732BBBF26D002A7957 /* Release */ = {
			isa = XCBuildConfiguration;
			buildSettings = {
				ALWAYS_SEARCH_USER_PATHS = NO;
				CLANG_ANALYZER_NONNULL = YES;
				CLANG_ANALYZER_NUMBER_OBJECT_CONVERSION = YES_AGGRESSIVE;
				CLANG_CXX_LANGUAGE_STANDARD = "gnu++20";
				CLANG_ENABLE_MODULES = YES;
				CLANG_ENABLE_OBJC_ARC = YES;
				CLANG_ENABLE_OBJC_WEAK = YES;
				CLANG_WARN_BLOCK_CAPTURE_AUTORELEASING = YES;
				CLANG_WARN_BOOL_CONVERSION = YES;
				CLANG_WARN_COMMA = YES;
				CLANG_WARN_CONSTANT_CONVERSION = YES;
				CLANG_WARN_DEPRECATED_OBJC_IMPLEMENTATIONS = YES;
				CLANG_WARN_DIRECT_OBJC_ISA_USAGE = YES_ERROR;
				CLANG_WARN_DOCUMENTATION_COMMENTS = YES;
				CLANG_WARN_EMPTY_BODY = YES;
				CLANG_WARN_ENUM_CONVERSION = YES;
				CLANG_WARN_INFINITE_RECURSION = YES;
				CLANG_WARN_INT_CONVERSION = YES;
				CLANG_WARN_NON_LITERAL_NULL_CONVERSION = YES;
				CLANG_WARN_OBJC_IMPLICIT_RETAIN_SELF = YES;
				CLANG_WARN_OBJC_LITERAL_CONVERSION = YES;
				CLANG_WARN_OBJC_ROOT_CLASS = YES_ERROR;
				CLANG_WARN_QUOTED_INCLUDE_IN_FRAMEWORK_HEADER = YES;
				CLANG_WARN_RANGE_LOOP_ANALYSIS = YES;
				CLANG_WARN_STRICT_PROTOTYPES = YES;
				CLANG_WARN_SUSPICIOUS_MOVE = YES;
				CLANG_WARN_UNGUARDED_AVAILABILITY = YES_AGGRESSIVE;
				CLANG_WARN_UNREACHABLE_CODE = YES;
				CLANG_WARN__DUPLICATE_METHOD_MATCH = YES;
				COPY_PHASE_STRIP = NO;
				DEBUG_INFORMATION_FORMAT = "dwarf-with-dsym";
				ENABLE_NS_ASSERTIONS = NO;
				ENABLE_STRICT_OBJC_MSGSEND = YES;
				GCC_C_LANGUAGE_STANDARD = gnu11;
				GCC_NO_COMMON_BLOCKS = YES;
				GCC_WARN_64_TO_32_BIT_CONVERSION = YES;
				GCC_WARN_ABOUT_RETURN_TYPE = YES_ERROR;
				GCC_WARN_UNDECLARED_SELECTOR = YES;
				GCC_WARN_UNINITIALIZED_AUTOS = YES_AGGRESSIVE;
				GCC_WARN_UNUSED_FUNCTION = YES;
				GCC_WARN_UNUSED_VARIABLE = YES;
				IPHONEOS_DEPLOYMENT_TARGET = 16.4;
				MTL_ENABLE_DEBUG_INFO = NO;
				MTL_FAST_MATH = YES;
				SDKROOT = iphoneos;
				SWIFT_COMPILATION_MODE = wholemodule;
				SWIFT_OPTIMIZATION_LEVEL = "-O";
				VALIDATE_PRODUCT = YES;
			};
			name = Release;
		};
		21F04F752BBBF26D002A7957 /* Debug */ = {
			isa = XCBuildConfiguration;
			buildSettings = {
				ASSETCATALOG_COMPILER_APPICON_NAME = AppIcon;
				ASSETCATALOG_COMPILER_GLOBAL_ACCENT_COLOR_NAME = AccentColor;
				CODE_SIGN_STYLE = Automatic;
				CURRENT_PROJECT_VERSION = 1;
				DEVELOPMENT_TEAM = MVRMRHCZ4J;
				GENERATE_INFOPLIST_FILE = YES;
				INFOPLIST_FILE = "34th-Sopt-Seminar/Info.plist";
				INFOPLIST_KEY_UIApplicationSupportsIndirectInputEvents = YES;
				INFOPLIST_KEY_UILaunchStoryboardName = LaunchScreen;
				INFOPLIST_KEY_UIMainStoryboardFile = Main;
				INFOPLIST_KEY_UISupportedInterfaceOrientations_iPad = "UIInterfaceOrientationPortrait UIInterfaceOrientationPortraitUpsideDown UIInterfaceOrientationLandscapeLeft UIInterfaceOrientationLandscapeRight";
				INFOPLIST_KEY_UISupportedInterfaceOrientations_iPhone = "UIInterfaceOrientationPortrait UIInterfaceOrientationLandscapeLeft UIInterfaceOrientationLandscapeRight";
				LD_RUNPATH_SEARCH_PATHS = (
					"$(inherited)",
					"@executable_path/Frameworks",
				);
				MARKETING_VERSION = 1.0;
				PRODUCT_BUNDLE_IDENTIFIER = "kr.wang.-4th-Sopt-Seminar";
				PRODUCT_NAME = "$(TARGET_NAME)";
				SWIFT_EMIT_LOC_STRINGS = YES;
				SWIFT_VERSION = 5.0;
				TARGETED_DEVICE_FAMILY = "1,2";
			};
			name = Debug;
		};
		21F04F762BBBF26D002A7957 /* Release */ = {
			isa = XCBuildConfiguration;
			buildSettings = {
				ASSETCATALOG_COMPILER_APPICON_NAME = AppIcon;
				ASSETCATALOG_COMPILER_GLOBAL_ACCENT_COLOR_NAME = AccentColor;
				CODE_SIGN_STYLE = Automatic;
				CURRENT_PROJECT_VERSION = 1;
				DEVELOPMENT_TEAM = MVRMRHCZ4J;
				GENERATE_INFOPLIST_FILE = YES;
				INFOPLIST_FILE = "34th-Sopt-Seminar/Info.plist";
				INFOPLIST_KEY_UIApplicationSupportsIndirectInputEvents = YES;
				INFOPLIST_KEY_UILaunchStoryboardName = LaunchScreen;
				INFOPLIST_KEY_UIMainStoryboardFile = Main;
				INFOPLIST_KEY_UISupportedInterfaceOrientations_iPad = "UIInterfaceOrientationPortrait UIInterfaceOrientationPortraitUpsideDown UIInterfaceOrientationLandscapeLeft UIInterfaceOrientationLandscapeRight";
				INFOPLIST_KEY_UISupportedInterfaceOrientations_iPhone = "UIInterfaceOrientationPortrait UIInterfaceOrientationLandscapeLeft UIInterfaceOrientationLandscapeRight";
				LD_RUNPATH_SEARCH_PATHS = (
					"$(inherited)",
					"@executable_path/Frameworks",
				);
				MARKETING_VERSION = 1.0;
				PRODUCT_BUNDLE_IDENTIFIER = "kr.wang.-4th-Sopt-Seminar";
				PRODUCT_NAME = "$(TARGET_NAME)";
				SWIFT_EMIT_LOC_STRINGS = YES;
				SWIFT_VERSION = 5.0;
				TARGETED_DEVICE_FAMILY = "1,2";
			};
			name = Release;
		};
/* End XCBuildConfiguration section */

/* Begin XCConfigurationList section */
		21F04F5B2BBBF26B002A7957 /* Build configuration list for PBXProject "34th-Sopt-Seminar" */ = {
			isa = XCConfigurationList;
			buildConfigurations = (
				21F04F722BBBF26D002A7957 /* Debug */,
				21F04F732BBBF26D002A7957 /* Release */,
			);
			defaultConfigurationIsVisible = 0;
			defaultConfigurationName = Release;
		};
		21F04F742BBBF26D002A7957 /* Build configuration list for PBXNativeTarget "34th-Sopt-Seminar" */ = {
			isa = XCConfigurationList;
			buildConfigurations = (
				21F04F752BBBF26D002A7957 /* Debug */,
				21F04F762BBBF26D002A7957 /* Release */,
			);
			defaultConfigurationIsVisible = 0;
			defaultConfigurationName = Release;
		};
/* End XCConfigurationList section */

/* Begin XCRemoteSwiftPackageReference section */
		21FC1F892BCA657A00B831D8 /* XCRemoteSwiftPackageReference "SnapKit" */ = {
			isa = XCRemoteSwiftPackageReference;
			repositoryURL = "https://github.com/SnapKit/SnapKit";
			requirement = {
				kind = upToNextMajorVersion;
				minimumVersion = 5.0.0;
			};
		};
		21FC1F8C2BCA658100B831D8 /* XCRemoteSwiftPackageReference "Then" */ = {
			isa = XCRemoteSwiftPackageReference;
			repositoryURL = "https://github.com/devxoul/Then";
			requirement = {
				kind = upToNextMajorVersion;
				minimumVersion = 3.0.0;
			};
		};
/* End XCRemoteSwiftPackageReference section */

/* Begin XCSwiftPackageProductDependency section */
		21FC1F8A2BCA657A00B831D8 /* SnapKit */ = {
			isa = XCSwiftPackageProductDependency;
			package = 21FC1F892BCA657A00B831D8 /* XCRemoteSwiftPackageReference "SnapKit" */;
			productName = SnapKit;
		};
		21FC1F8D2BCA658100B831D8 /* Then */ = {
			isa = XCSwiftPackageProductDependency;
			package = 21FC1F8C2BCA658100B831D8 /* XCRemoteSwiftPackageReference "Then" */;
			productName = Then;
		};
/* End XCSwiftPackageProductDependency section */
	};
	rootObject = 21F04F582BBBF26B002A7957 /* Project object */;
}
